// !$*UTF8*$!
{
	archiveVersion = 1;
	classes = {
	};
	objectVersion = 46;
	objects = {

/* Begin PBXBuildFile section */
		A7046EEDEF6B4AEB9EC10A8A /* libPods.a in Frameworks */ = {isa = PBXBuildFile; fileRef = 5A271BAC75764393ADDF7A8D /* libPods.a */; };
		C516012618FE8EC3007FB8AC /* PassKit.framework in Frameworks */ = {isa = PBXBuildFile; fileRef = C516012518FE8EC3007FB8AC /* PassKit.framework */; };
		C516012818FE8ECF007FB8AC /* MobileCoreServices.framework in Frameworks */ = {isa = PBXBuildFile; fileRef = C516012718FE8ECF007FB8AC /* MobileCoreServices.framework */; };
		C516012A18FE8EDA007FB8AC /* QuartzCore.framework in Frameworks */ = {isa = PBXBuildFile; fileRef = C516012918FE8EDA007FB8AC /* QuartzCore.framework */; };
		C516012C18FE8EE5007FB8AC /* Social.framework in Frameworks */ = {isa = PBXBuildFile; fileRef = C516012B18FE8EE5007FB8AC /* Social.framework */; };
		C516013018FE914C007FB8AC /* MillennialMedia.framework in Frameworks */ = {isa = PBXBuildFile; fileRef = C516012E18FE914C007FB8AC /* MillennialMedia.framework */; };
		C517BBB7198B731700DF0F93 /* GameKit.framework in Frameworks */ = {isa = PBXBuildFile; fileRef = C517BBB6198B731700DF0F93 /* GameKit.framework */; };
		C5296DA718E2744400EF3714 /* Foundation.framework in Frameworks */ = {isa = PBXBuildFile; fileRef = C5296DA618E2744400EF3714 /* Foundation.framework */; };
		C5296DA918E2744400EF3714 /* CoreGraphics.framework in Frameworks */ = {isa = PBXBuildFile; fileRef = C5296DA818E2744400EF3714 /* CoreGraphics.framework */; };
		C5296DAB18E2744400EF3714 /* UIKit.framework in Frameworks */ = {isa = PBXBuildFile; fileRef = C5296DAA18E2744400EF3714 /* UIKit.framework */; };
		C5296DC018E2744400EF3714 /* XCTest.framework in Frameworks */ = {isa = PBXBuildFile; fileRef = C5296DBF18E2744400EF3714 /* XCTest.framework */; };
		C5296DC118E2744400EF3714 /* Foundation.framework in Frameworks */ = {isa = PBXBuildFile; fileRef = C5296DA618E2744400EF3714 /* Foundation.framework */; };
		C5296DC218E2744400EF3714 /* UIKit.framework in Frameworks */ = {isa = PBXBuildFile; fileRef = C5296DAA18E2744400EF3714 /* UIKit.framework */; };
		C5296DCA18E2744400EF3714 /* InfoPlist.strings in Resources */ = {isa = PBXBuildFile; fileRef = C5296DC818E2744400EF3714 /* InfoPlist.strings */; };
		C5296DCC18E2744400EF3714 /* game4096Tests.m in Sources */ = {isa = PBXBuildFile; fileRef = C5296DCB18E2744400EF3714 /* game4096Tests.m */; };
		C5296DE818E2753900EF3714 /* HWAppDelegate.m in Sources */ = {isa = PBXBuildFile; fileRef = C5296DD918E2753900EF3714 /* HWAppDelegate.m */; };
		C5296DE918E2753900EF3714 /* main.m in Sources */ = {isa = PBXBuildFile; fileRef = C5296DDD18E2753900EF3714 /* main.m */; };
		C5296DEA18E2753900EF3714 /* InfoPlist.strings in Resources */ = {isa = PBXBuildFile; fileRef = C5296DE318E2753900EF3714 /* InfoPlist.strings */; };
		C5296DEC18E2753900EF3714 /* Images.xcassets in Resources */ = {isa = PBXBuildFile; fileRef = C5296DE718E2753900EF3714 /* Images.xcassets */; };
		C5296DF918E2762A00EF3714 /* HWRootViewController.m in Sources */ = {isa = PBXBuildFile; fileRef = C5296DF718E2762A00EF3714 /* HWRootViewController.m */; };
		C5296DFA18E2762A00EF3714 /* HWRootViewController.xib in Resources */ = {isa = PBXBuildFile; fileRef = C5296DF818E2762A00EF3714 /* HWRootViewController.xib */; };
		C5296E0318E2D62F00EF3714 /* HWGamePlayViewController.m in Sources */ = {isa = PBXBuildFile; fileRef = C5296E0118E2D62F00EF3714 /* HWGamePlayViewController.m */; };
		C5296E0418E2D62F00EF3714 /* HWGamePlayViewController.xib in Resources */ = {isa = PBXBuildFile; fileRef = C5296E0218E2D62F00EF3714 /* HWGamePlayViewController.xib */; };
		C5296E0818E2DCF200EF3714 /* HWGameCellView.m in Sources */ = {isa = PBXBuildFile; fileRef = C5296E0718E2DCF200EF3714 /* HWGameCellView.m */; };
		C5296E0A18E2DE5A00EF3714 /* HWGameCellView.xib in Resources */ = {isa = PBXBuildFile; fileRef = C5296E0918E2DE5A00EF3714 /* HWGameCellView.xib */; };
		C5296E0E18E2E12800EF3714 /* HWGameSetting.m in Sources */ = {isa = PBXBuildFile; fileRef = C5296E0D18E2E12800EF3714 /* HWGameSetting.m */; };
		C5296E1118E2E2B300EF3714 /* HWGame.m in Sources */ = {isa = PBXBuildFile; fileRef = C5296E1018E2E2B300EF3714 /* HWGame.m */; };
		C55EF46018E5639D00188EFF /* UIColor+HexColor.m in Sources */ = {isa = PBXBuildFile; fileRef = C55EF45F18E5639D00188EFF /* UIColor+HexColor.m */; };
		C57D73A71A334059000EDB35 /* StartApp.bundle in Resources */ = {isa = PBXBuildFile; fileRef = C57D73A41A334059000EDB35 /* StartApp.bundle */; };
		C57D73A81A334059000EDB35 /* StartApp.framework in Frameworks */ = {isa = PBXBuildFile; fileRef = C57D73A51A334059000EDB35 /* StartApp.framework */; };
		C57D73AB1A334A1E000EDB35 /* setting-icon.png in Resources */ = {isa = PBXBuildFile; fileRef = C57D73A91A334A1E000EDB35 /* setting-icon.png */; };
		C57D73AC1A334A1E000EDB35 /* ranking-icon.png in Resources */ = {isa = PBXBuildFile; fileRef = C57D73AA1A334A1E000EDB35 /* ranking-icon.png */; };
		C57D73B01A334C90000EDB35 /* HWSettingViewController.m in Sources */ = {isa = PBXBuildFile; fileRef = C57D73AE1A334C90000EDB35 /* HWSettingViewController.m */; };
		C57D73B11A334C90000EDB35 /* HWSettingViewController.xib in Resources */ = {isa = PBXBuildFile; fileRef = C57D73AF1A334C90000EDB35 /* HWSettingViewController.xib */; };
		C585452D1969A4A1004465FA /* g13@2x.png in Resources */ = {isa = PBXBuildFile; fileRef = C585452B1969A4A1004465FA /* g13@2x.png */; };
		C585452E1969A4A1004465FA /* g14@2x.png in Resources */ = {isa = PBXBuildFile; fileRef = C585452C1969A4A1004465FA /* g14@2x.png */; };
		C585453C1969A858004465FA /* 10f.jpg in Resources */ = {isa = PBXBuildFile; fileRef = C58545301969A858004465FA /* 10f.jpg */; };
		C585453D1969A858004465FA /* 11f.jpg in Resources */ = {isa = PBXBuildFile; fileRef = C58545311969A858004465FA /* 11f.jpg */; };
		C585453E1969A858004465FA /* 12f.jpg in Resources */ = {isa = PBXBuildFile; fileRef = C58545321969A858004465FA /* 12f.jpg */; };
		C585453F1969A858004465FA /* 13f.jpg in Resources */ = {isa = PBXBuildFile; fileRef = C58545331969A858004465FA /* 13f.jpg */; };
		C58545411969A858004465FA /* 2f.jpg in Resources */ = {isa = PBXBuildFile; fileRef = C58545351969A858004465FA /* 2f.jpg */; };
		C58545421969A858004465FA /* 3f.jpg in Resources */ = {isa = PBXBuildFile; fileRef = C58545361969A858004465FA /* 3f.jpg */; };
		C58545431969A858004465FA /* 4f.jpg in Resources */ = {isa = PBXBuildFile; fileRef = C58545371969A858004465FA /* 4f.jpg */; };
		C58545441969A858004465FA /* 5f.jpg in Resources */ = {isa = PBXBuildFile; fileRef = C58545381969A858004465FA /* 5f.jpg */; };
		C58545451969A858004465FA /* 6f.jpg in Resources */ = {isa = PBXBuildFile; fileRef = C58545391969A858004465FA /* 6f.jpg */; };
		C58545461969A858004465FA /* 8f.jpg in Resources */ = {isa = PBXBuildFile; fileRef = C585453A1969A858004465FA /* 8f.jpg */; };
		C58545471969A858004465FA /* 9f.jpg in Resources */ = {isa = PBXBuildFile; fileRef = C585453B1969A858004465FA /* 9f.jpg */; };
		C58545491969A8B2004465FA /* 14f.jpg in Resources */ = {isa = PBXBuildFile; fileRef = C58545481969A8B2004465FA /* 14f.jpg */; };
		C585454C1969AE12004465FA /* HWImageDisplayView.m in Sources */ = {isa = PBXBuildFile; fileRef = C585454B1969AE12004465FA /* HWImageDisplayView.m */; };
		C585454E1969C43C004465FA /* 1f.jpg in Resources */ = {isa = PBXBuildFile; fileRef = C585454D1969C43C004465FA /* 1f.jpg */; };
		C58545501969C864004465FA /* 7f.jpg in Resources */ = {isa = PBXBuildFile; fileRef = C585454F1969C864004465FA /* 7f.jpg */; };
		C58AD7FF18EEA25300FCCCD4 /* AdSupport.framework in Frameworks */ = {isa = PBXBuildFile; fileRef = C58AD7FE18EEA25300FCCCD4 /* AdSupport.framework */; };
		C58AD80118EEA25E00FCCCD4 /* AudioToolbox.framework in Frameworks */ = {isa = PBXBuildFile; fileRef = C58AD80018EEA25E00FCCCD4 /* AudioToolbox.framework */; };
		C58AD80318EEA26700FCCCD4 /* AVFoundation.framework in Frameworks */ = {isa = PBXBuildFile; fileRef = C58AD80218EEA26700FCCCD4 /* AVFoundation.framework */; };
		C58AD80518EEA27100FCCCD4 /* CoreTelephony.framework in Frameworks */ = {isa = PBXBuildFile; fileRef = C58AD80418EEA27100FCCCD4 /* CoreTelephony.framework */; };
		C58AD80718EEA27900FCCCD4 /* MessageUI.framework in Frameworks */ = {isa = PBXBuildFile; fileRef = C58AD80618EEA27900FCCCD4 /* MessageUI.framework */; };
		C58AD80B18EEA28700FCCCD4 /* SystemConfiguration.framework in Frameworks */ = {isa = PBXBuildFile; fileRef = C58AD80A18EEA28700FCCCD4 /* SystemConfiguration.framework */; };
		C58F037E197BA35B004B4A25 /* move.wav in Resources */ = {isa = PBXBuildFile; fileRef = C58F037C197BA35B004B4A25 /* move.wav */; };
		C58F0381197BB225004B4A25 /* merge1.wav in Resources */ = {isa = PBXBuildFile; fileRef = C58F037F197BB225004B4A25 /* merge1.wav */; };
		C58F0382197BB225004B4A25 /* merge2.wav in Resources */ = {isa = PBXBuildFile; fileRef = C58F0380197BB225004B4A25 /* merge2.wav */; };
		C58F0389197BB7A4004B4A25 /* AudioFX.m in Sources */ = {isa = PBXBuildFile; fileRef = C58F0388197BB7A4004B4A25 /* AudioFX.m */; settings = {COMPILER_FLAGS = "-fno-objc-arc"; }; };
		C5D0EF1618FD2E70003C4F54 /* iAd.framework in Frameworks */ = {isa = PBXBuildFile; fileRef = C5D0EF1518FD2E70003C4F54 /* iAd.framework */; };
		C5D0EF2418FE627F003C4F54 /* g10@2x.png in Resources */ = {isa = PBXBuildFile; fileRef = C5D0EF1818FE627F003C4F54 /* g10@2x.png */; };
		C5D0EF2518FE627F003C4F54 /* g11@2x.png in Resources */ = {isa = PBXBuildFile; fileRef = C5D0EF1918FE627F003C4F54 /* g11@2x.png */; };
		C5D0EF2618FE627F003C4F54 /* g12@2x.png in Resources */ = {isa = PBXBuildFile; fileRef = C5D0EF1A18FE627F003C4F54 /* g12@2x.png */; };
		C5D0EF2718FE627F003C4F54 /* g1@2x.png in Resources */ = {isa = PBXBuildFile; fileRef = C5D0EF1B18FE627F003C4F54 /* g1@2x.png */; };
		C5D0EF2818FE627F003C4F54 /* g2@2x.png in Resources */ = {isa = PBXBuildFile; fileRef = C5D0EF1C18FE627F003C4F54 /* g2@2x.png */; };
		C5D0EF2918FE627F003C4F54 /* g3@2x.png in Resources */ = {isa = PBXBuildFile; fileRef = C5D0EF1D18FE627F003C4F54 /* g3@2x.png */; };
		C5D0EF2A18FE627F003C4F54 /* g4@2x.png in Resources */ = {isa = PBXBuildFile; fileRef = C5D0EF1E18FE627F003C4F54 /* g4@2x.png */; };
		C5D0EF2B18FE627F003C4F54 /* g5@2x.png in Resources */ = {isa = PBXBuildFile; fileRef = C5D0EF1F18FE627F003C4F54 /* g5@2x.png */; };
		C5D0EF2C18FE627F003C4F54 /* g6@2x.png in Resources */ = {isa = PBXBuildFile; fileRef = C5D0EF2018FE627F003C4F54 /* g6@2x.png */; };
		C5D0EF2D18FE627F003C4F54 /* g7@2x.png in Resources */ = {isa = PBXBuildFile; fileRef = C5D0EF2118FE627F003C4F54 /* g7@2x.png */; };
		C5D0EF2E18FE627F003C4F54 /* g8@2x.png in Resources */ = {isa = PBXBuildFile; fileRef = C5D0EF2218FE627F003C4F54 /* g8@2x.png */; };
		C5D0EF2F18FE627F003C4F54 /* g9@2x.png in Resources */ = {isa = PBXBuildFile; fileRef = C5D0EF2318FE627F003C4F54 /* g9@2x.png */; };
		C5D0EF3B18FE6672003C4F54 /* StoreKit.framework in Frameworks */ = {isa = PBXBuildFile; fileRef = C5D0EF3A18FE6672003C4F54 /* StoreKit.framework */; };
		C5D0EF3D18FE6763003C4F54 /* Blue-Starry-Night-Sky@2x.jpg in Resources */ = {isa = PBXBuildFile; fileRef = C5D0EF3C18FE6763003C4F54 /* Blue-Starry-Night-Sky@2x.jpg */; };
		C5D0EF4C18FE8775003C4F54 /* CFNetwork.framework in Frameworks */ = {isa = PBXBuildFile; fileRef = C5D0EF4B18FE8775003C4F54 /* CFNetwork.framework */; };
		C5D0EF4E18FE877B003C4F54 /* Security.framework in Frameworks */ = {isa = PBXBuildFile; fileRef = C5D0EF4D18FE877B003C4F54 /* Security.framework */; };
		C5D0EF5A18FE88A0003C4F54 /* MediaPlayer.framework in Frameworks */ = {isa = PBXBuildFile; fileRef = C5D0EF5918FE88A0003C4F54 /* MediaPlayer.framework */; };
		C5D2328D198CBFA4007FB212 /* soundOff.png in Resources */ = {isa = PBXBuildFile; fileRef = C5D2328B198CBFA4007FB212 /* soundOff.png */; };
		C5D2328E198CBFA4007FB212 /* soundOn.png in Resources */ = {isa = PBXBuildFile; fileRef = C5D2328C198CBFA4007FB212 /* soundOn.png */; };
		C5E9BC931965A4B600EA3940 /* CoreData.framework in Frameworks */ = {isa = PBXBuildFile; fileRef = C5E9BC921965A4B600EA3940 /* CoreData.framework */; };
		C5E9BC951965A4D800EA3940 /* libz.dylib in Frameworks */ = {isa = PBXBuildFile; fileRef = C5E9BC941965A4D800EA3940 /* libz.dylib */; };
/* End PBXBuildFile section */

/* Begin PBXContainerItemProxy section */
		C5296DC318E2744400EF3714 /* PBXContainerItemProxy */ = {
			isa = PBXContainerItemProxy;
			containerPortal = C5296D9B18E2744300EF3714 /* Project object */;
			proxyType = 1;
			remoteGlobalIDString = C5296DA218E2744400EF3714;
			remoteInfo = game4096;
		};
/* End PBXContainerItemProxy section */

/* Begin PBXFileReference section */
		01E18F2FDF3F7607C31F0A26 /* Pods.debug.xcconfig */ = {isa = PBXFileReference; includeInIndex = 1; lastKnownFileType = text.xcconfig; name = Pods.debug.xcconfig; path = "Pods/Target Support Files/Pods/Pods.debug.xcconfig"; sourceTree = "<group>"; };
		5A271BAC75764393ADDF7A8D /* libPods.a */ = {isa = PBXFileReference; explicitFileType = archive.ar; includeInIndex = 0; path = libPods.a; sourceTree = BUILT_PRODUCTS_DIR; };
		C516012518FE8EC3007FB8AC /* PassKit.framework */ = {isa = PBXFileReference; lastKnownFileType = wrapper.framework; name = PassKit.framework; path = System/Library/Frameworks/PassKit.framework; sourceTree = SDKROOT; };
		C516012718FE8ECF007FB8AC /* MobileCoreServices.framework */ = {isa = PBXFileReference; lastKnownFileType = wrapper.framework; name = MobileCoreServices.framework; path = System/Library/Frameworks/MobileCoreServices.framework; sourceTree = SDKROOT; };
		C516012918FE8EDA007FB8AC /* QuartzCore.framework */ = {isa = PBXFileReference; lastKnownFileType = wrapper.framework; name = QuartzCore.framework; path = System/Library/Frameworks/QuartzCore.framework; sourceTree = SDKROOT; };
		C516012B18FE8EE5007FB8AC /* Social.framework */ = {isa = PBXFileReference; lastKnownFileType = wrapper.framework; name = Social.framework; path = System/Library/Frameworks/Social.framework; sourceTree = SDKROOT; };
		C516012E18FE914C007FB8AC /* MillennialMedia.framework */ = {isa = PBXFileReference; lastKnownFileType = wrapper.framework; path = MillennialMedia.framework; sourceTree = "<group>"; };
		C517BBB6198B731700DF0F93 /* GameKit.framework */ = {isa = PBXFileReference; lastKnownFileType = wrapper.framework; name = GameKit.framework; path = System/Library/Frameworks/GameKit.framework; sourceTree = SDKROOT; };
		C5296DA318E2744400EF3714 /* game4096.app */ = {isa = PBXFileReference; explicitFileType = wrapper.application; includeInIndex = 0; path = game4096.app; sourceTree = BUILT_PRODUCTS_DIR; };
		C5296DA618E2744400EF3714 /* Foundation.framework */ = {isa = PBXFileReference; lastKnownFileType = wrapper.framework; name = Foundation.framework; path = System/Library/Frameworks/Foundation.framework; sourceTree = SDKROOT; };
		C5296DA818E2744400EF3714 /* CoreGraphics.framework */ = {isa = PBXFileReference; lastKnownFileType = wrapper.framework; name = CoreGraphics.framework; path = System/Library/Frameworks/CoreGraphics.framework; sourceTree = SDKROOT; };
		C5296DAA18E2744400EF3714 /* UIKit.framework */ = {isa = PBXFileReference; lastKnownFileType = wrapper.framework; name = UIKit.framework; path = System/Library/Frameworks/UIKit.framework; sourceTree = SDKROOT; };
		C5296DBE18E2744400EF3714 /* game4096Tests.xctest */ = {isa = PBXFileReference; explicitFileType = wrapper.cfbundle; includeInIndex = 0; path = game4096Tests.xctest; sourceTree = BUILT_PRODUCTS_DIR; };
		C5296DBF18E2744400EF3714 /* XCTest.framework */ = {isa = PBXFileReference; lastKnownFileType = wrapper.framework; name = XCTest.framework; path = Library/Frameworks/XCTest.framework; sourceTree = DEVELOPER_DIR; };
		C5296DC718E2744400EF3714 /* game4096Tests-Info.plist */ = {isa = PBXFileReference; lastKnownFileType = text.plist.xml; path = "game4096Tests-Info.plist"; sourceTree = "<group>"; };
		C5296DC918E2744400EF3714 /* en */ = {isa = PBXFileReference; lastKnownFileType = text.plist.strings; name = en; path = en.lproj/InfoPlist.strings; sourceTree = "<group>"; };
		C5296DCB18E2744400EF3714 /* game4096Tests.m */ = {isa = PBXFileReference; lastKnownFileType = sourcecode.c.objc; path = game4096Tests.m; sourceTree = "<group>"; };
		C5296DD818E2753900EF3714 /* HWAppDelegate.h */ = {isa = PBXFileReference; fileEncoding = 4; lastKnownFileType = sourcecode.c.h; path = HWAppDelegate.h; sourceTree = "<group>"; };
		C5296DD918E2753900EF3714 /* HWAppDelegate.m */ = {isa = PBXFileReference; fileEncoding = 4; lastKnownFileType = sourcecode.c.objc; path = HWAppDelegate.m; sourceTree = "<group>"; };
		C5296DDC18E2753900EF3714 /* game4096-Prefix.pch */ = {isa = PBXFileReference; fileEncoding = 4; lastKnownFileType = sourcecode.c.h; path = "game4096-Prefix.pch"; sourceTree = "<group>"; };
		C5296DDD18E2753900EF3714 /* main.m */ = {isa = PBXFileReference; fileEncoding = 4; lastKnownFileType = sourcecode.c.objc; path = main.m; sourceTree = "<group>"; };
		C5296DE418E2753900EF3714 /* en */ = {isa = PBXFileReference; lastKnownFileType = text.plist.strings; name = en; path = en.lproj/InfoPlist.strings; sourceTree = "<group>"; };
		C5296DE518E2753900EF3714 /* game4096-Info.plist */ = {isa = PBXFileReference; fileEncoding = 4; lastKnownFileType = text.plist.xml; path = "game4096-Info.plist"; sourceTree = "<group>"; };
		C5296DE718E2753900EF3714 /* Images.xcassets */ = {isa = PBXFileReference; lastKnownFileType = folder.assetcatalog; path = Images.xcassets; sourceTree = "<group>"; };
		C5296DF618E2762A00EF3714 /* HWRootViewController.h */ = {isa = PBXFileReference; fileEncoding = 4; lastKnownFileType = sourcecode.c.h; path = HWRootViewController.h; sourceTree = "<group>"; };
		C5296DF718E2762A00EF3714 /* HWRootViewController.m */ = {isa = PBXFileReference; fileEncoding = 4; lastKnownFileType = sourcecode.c.objc; path = HWRootViewController.m; sourceTree = "<group>"; };
		C5296DF818E2762A00EF3714 /* HWRootViewController.xib */ = {isa = PBXFileReference; fileEncoding = 4; lastKnownFileType = file.xib; path = HWRootViewController.xib; sourceTree = "<group>"; };
		C5296E0018E2D62F00EF3714 /* HWGamePlayViewController.h */ = {isa = PBXFileReference; fileEncoding = 4; lastKnownFileType = sourcecode.c.h; path = HWGamePlayViewController.h; sourceTree = "<group>"; };
		C5296E0118E2D62F00EF3714 /* HWGamePlayViewController.m */ = {isa = PBXFileReference; fileEncoding = 4; lastKnownFileType = sourcecode.c.objc; path = HWGamePlayViewController.m; sourceTree = "<group>"; };
		C5296E0218E2D62F00EF3714 /* HWGamePlayViewController.xib */ = {isa = PBXFileReference; fileEncoding = 4; lastKnownFileType = file.xib; path = HWGamePlayViewController.xib; sourceTree = "<group>"; };
		C5296E0518E2DB3800EF3714 /* Constant.h */ = {isa = PBXFileReference; lastKnownFileType = sourcecode.c.h; path = Constant.h; sourceTree = "<group>"; };
		C5296E0618E2DCF200EF3714 /* HWGameCellView.h */ = {isa = PBXFileReference; fileEncoding = 4; lastKnownFileType = sourcecode.c.h; path = HWGameCellView.h; sourceTree = "<group>"; };
		C5296E0718E2DCF200EF3714 /* HWGameCellView.m */ = {isa = PBXFileReference; fileEncoding = 4; lastKnownFileType = sourcecode.c.objc; path = HWGameCellView.m; sourceTree = "<group>"; };
		C5296E0918E2DE5A00EF3714 /* HWGameCellView.xib */ = {isa = PBXFileReference; fileEncoding = 4; lastKnownFileType = file.xib; path = HWGameCellView.xib; sourceTree = "<group>"; };
		C5296E0C18E2E12800EF3714 /* HWGameSetting.h */ = {isa = PBXFileReference; fileEncoding = 4; lastKnownFileType = sourcecode.c.h; path = HWGameSetting.h; sourceTree = "<group>"; };
		C5296E0D18E2E12800EF3714 /* HWGameSetting.m */ = {isa = PBXFileReference; fileEncoding = 4; lastKnownFileType = sourcecode.c.objc; path = HWGameSetting.m; sourceTree = "<group>"; };
		C5296E0F18E2E2B300EF3714 /* HWGame.h */ = {isa = PBXFileReference; fileEncoding = 4; lastKnownFileType = sourcecode.c.h; path = HWGame.h; sourceTree = "<group>"; };
		C5296E1018E2E2B300EF3714 /* HWGame.m */ = {isa = PBXFileReference; fileEncoding = 4; lastKnownFileType = sourcecode.c.objc; path = HWGame.m; sourceTree = "<group>"; };
		C55EF45E18E5639D00188EFF /* UIColor+HexColor.h */ = {isa = PBXFileReference; fileEncoding = 4; lastKnownFileType = sourcecode.c.h; path = "UIColor+HexColor.h"; sourceTree = "<group>"; };
		C55EF45F18E5639D00188EFF /* UIColor+HexColor.m */ = {isa = PBXFileReference; fileEncoding = 4; lastKnownFileType = sourcecode.c.objc; path = "UIColor+HexColor.m"; sourceTree = "<group>"; };
		C57D73A41A334059000EDB35 /* StartApp.bundle */ = {isa = PBXFileReference; lastKnownFileType = "wrapper.plug-in"; path = StartApp.bundle; sourceTree = "<group>"; };
		C57D73A51A334059000EDB35 /* StartApp.framework */ = {isa = PBXFileReference; lastKnownFileType = wrapper.framework; path = StartApp.framework; sourceTree = "<group>"; };
		C57D73A91A334A1E000EDB35 /* setting-icon.png */ = {isa = PBXFileReference; lastKnownFileType = image.png; path = "setting-icon.png"; sourceTree = "<group>"; };
		C57D73AA1A334A1E000EDB35 /* ranking-icon.png */ = {isa = PBXFileReference; lastKnownFileType = image.png; path = "ranking-icon.png"; sourceTree = "<group>"; };
		C57D73AD1A334C90000EDB35 /* HWSettingViewController.h */ = {isa = PBXFileReference; fileEncoding = 4; lastKnownFileType = sourcecode.c.h; path = HWSettingViewController.h; sourceTree = "<group>"; };
		C57D73AE1A334C90000EDB35 /* HWSettingViewController.m */ = {isa = PBXFileReference; fileEncoding = 4; lastKnownFileType = sourcecode.c.objc; path = HWSettingViewController.m; sourceTree = "<group>"; };
		C57D73AF1A334C90000EDB35 /* HWSettingViewController.xib */ = {isa = PBXFileReference; fileEncoding = 4; lastKnownFileType = file.xib; path = HWSettingViewController.xib; sourceTree = "<group>"; };
		C585452B1969A4A1004465FA /* g13@2x.png */ = {isa = PBXFileReference; lastKnownFileType = image.png; path = "g13@2x.png"; sourceTree = "<group>"; };
		C585452C1969A4A1004465FA /* g14@2x.png */ = {isa = PBXFileReference; lastKnownFileType = image.png; path = "g14@2x.png"; sourceTree = "<group>"; };
		C58545301969A858004465FA /* 10f.jpg */ = {isa = PBXFileReference; lastKnownFileType = image.jpeg; path = 10f.jpg; sourceTree = "<group>"; };
		C58545311969A858004465FA /* 11f.jpg */ = {isa = PBXFileReference; lastKnownFileType = image.jpeg; path = 11f.jpg; sourceTree = "<group>"; };
		C58545321969A858004465FA /* 12f.jpg */ = {isa = PBXFileReference; lastKnownFileType = image.jpeg; path = 12f.jpg; sourceTree = "<group>"; };
		C58545331969A858004465FA /* 13f.jpg */ = {isa = PBXFileReference; lastKnownFileType = image.jpeg; path = 13f.jpg; sourceTree = "<group>"; };
		C58545351969A858004465FA /* 2f.jpg */ = {isa = PBXFileReference; lastKnownFileType = image.jpeg; path = 2f.jpg; sourceTree = "<group>"; };
		C58545361969A858004465FA /* 3f.jpg */ = {isa = PBXFileReference; lastKnownFileType = image.jpeg; path = 3f.jpg; sourceTree = "<group>"; };
		C58545371969A858004465FA /* 4f.jpg */ = {isa = PBXFileReference; lastKnownFileType = image.jpeg; path = 4f.jpg; sourceTree = "<group>"; };
		C58545381969A858004465FA /* 5f.jpg */ = {isa = PBXFileReference; lastKnownFileType = image.jpeg; path = 5f.jpg; sourceTree = "<group>"; };
		C58545391969A858004465FA /* 6f.jpg */ = {isa = PBXFileReference; lastKnownFileType = image.jpeg; path = 6f.jpg; sourceTree = "<group>"; };
		C585453A1969A858004465FA /* 8f.jpg */ = {isa = PBXFileReference; lastKnownFileType = image.jpeg; path = 8f.jpg; sourceTree = "<group>"; };
		C585453B1969A858004465FA /* 9f.jpg */ = {isa = PBXFileReference; lastKnownFileType = image.jpeg; path = 9f.jpg; sourceTree = "<group>"; };
		C58545481969A8B2004465FA /* 14f.jpg */ = {isa = PBXFileReference; lastKnownFileType = image.jpeg; path = 14f.jpg; sourceTree = "<group>"; };
		C585454A1969AE12004465FA /* HWImageDisplayView.h */ = {isa = PBXFileReference; fileEncoding = 4; lastKnownFileType = sourcecode.c.h; path = HWImageDisplayView.h; sourceTree = "<group>"; };
		C585454B1969AE12004465FA /* HWImageDisplayView.m */ = {isa = PBXFileReference; fileEncoding = 4; lastKnownFileType = sourcecode.c.objc; path = HWImageDisplayView.m; sourceTree = "<group>"; };
		C585454D1969C43C004465FA /* 1f.jpg */ = {isa = PBXFileReference; lastKnownFileType = image.jpeg; path = 1f.jpg; sourceTree = "<group>"; };
		C585454F1969C864004465FA /* 7f.jpg */ = {isa = PBXFileReference; lastKnownFileType = image.jpeg; path = 7f.jpg; sourceTree = "<group>"; };
		C58AD7FE18EEA25300FCCCD4 /* AdSupport.framework */ = {isa = PBXFileReference; lastKnownFileType = wrapper.framework; name = AdSupport.framework; path = System/Library/Frameworks/AdSupport.framework; sourceTree = SDKROOT; };
		C58AD80018EEA25E00FCCCD4 /* AudioToolbox.framework */ = {isa = PBXFileReference; lastKnownFileType = wrapper.framework; name = AudioToolbox.framework; path = System/Library/Frameworks/AudioToolbox.framework; sourceTree = SDKROOT; };
		C58AD80218EEA26700FCCCD4 /* AVFoundation.framework */ = {isa = PBXFileReference; lastKnownFileType = wrapper.framework; name = AVFoundation.framework; path = System/Library/Frameworks/AVFoundation.framework; sourceTree = SDKROOT; };
		C58AD80418EEA27100FCCCD4 /* CoreTelephony.framework */ = {isa = PBXFileReference; lastKnownFileType = wrapper.framework; name = CoreTelephony.framework; path = System/Library/Frameworks/CoreTelephony.framework; sourceTree = SDKROOT; };
		C58AD80618EEA27900FCCCD4 /* MessageUI.framework */ = {isa = PBXFileReference; lastKnownFileType = wrapper.framework; name = MessageUI.framework; path = System/Library/Frameworks/MessageUI.framework; sourceTree = SDKROOT; };
		C58AD80A18EEA28700FCCCD4 /* SystemConfiguration.framework */ = {isa = PBXFileReference; lastKnownFileType = wrapper.framework; name = SystemConfiguration.framework; path = System/Library/Frameworks/SystemConfiguration.framework; sourceTree = SDKROOT; };
		C58F037C197BA35B004B4A25 /* move.wav */ = {isa = PBXFileReference; lastKnownFileType = audio.wav; path = move.wav; sourceTree = "<group>"; };
		C58F037F197BB225004B4A25 /* merge1.wav */ = {isa = PBXFileReference; lastKnownFileType = audio.wav; path = merge1.wav; sourceTree = "<group>"; };
		C58F0380197BB225004B4A25 /* merge2.wav */ = {isa = PBXFileReference; lastKnownFileType = audio.wav; path = merge2.wav; sourceTree = "<group>"; };
		C58F0386197BB797004B4A25 /* Audio_Internal.h */ = {isa = PBXFileReference; lastKnownFileType = sourcecode.c.h; path = Audio_Internal.h; sourceTree = "<group>"; };
		C58F0387197BB79E004B4A25 /* AudioFX.h */ = {isa = PBXFileReference; lastKnownFileType = sourcecode.c.h; path = AudioFX.h; sourceTree = "<group>"; };
		C58F0388197BB7A4004B4A25 /* AudioFX.m */ = {isa = PBXFileReference; fileEncoding = 4; lastKnownFileType = sourcecode.c.objc; path = AudioFX.m; sourceTree = "<group>"; };
		C5D0EF1518FD2E70003C4F54 /* iAd.framework */ = {isa = PBXFileReference; lastKnownFileType = wrapper.framework; name = iAd.framework; path = System/Library/Frameworks/iAd.framework; sourceTree = SDKROOT; };
		C5D0EF1818FE627F003C4F54 /* g10@2x.png */ = {isa = PBXFileReference; lastKnownFileType = image.png; path = "g10@2x.png"; sourceTree = "<group>"; };
		C5D0EF1918FE627F003C4F54 /* g11@2x.png */ = {isa = PBXFileReference; lastKnownFileType = image.png; path = "g11@2x.png"; sourceTree = "<group>"; };
		C5D0EF1A18FE627F003C4F54 /* g12@2x.png */ = {isa = PBXFileReference; lastKnownFileType = image.png; path = "g12@2x.png"; sourceTree = "<group>"; };
		C5D0EF1B18FE627F003C4F54 /* g1@2x.png */ = {isa = PBXFileReference; lastKnownFileType = image.png; path = "g1@2x.png"; sourceTree = "<group>"; };
		C5D0EF1C18FE627F003C4F54 /* g2@2x.png */ = {isa = PBXFileReference; lastKnownFileType = image.png; path = "g2@2x.png"; sourceTree = "<group>"; };
		C5D0EF1D18FE627F003C4F54 /* g3@2x.png */ = {isa = PBXFileReference; lastKnownFileType = image.png; path = "g3@2x.png"; sourceTree = "<group>"; };
		C5D0EF1E18FE627F003C4F54 /* g4@2x.png */ = {isa = PBXFileReference; lastKnownFileType = image.png; path = "g4@2x.png"; sourceTree = "<group>"; };
		C5D0EF1F18FE627F003C4F54 /* g5@2x.png */ = {isa = PBXFileReference; lastKnownFileType = image.png; path = "g5@2x.png"; sourceTree = "<group>"; };
		C5D0EF2018FE627F003C4F54 /* g6@2x.png */ = {isa = PBXFileReference; lastKnownFileType = image.png; path = "g6@2x.png"; sourceTree = "<group>"; };
		C5D0EF2118FE627F003C4F54 /* g7@2x.png */ = {isa = PBXFileReference; lastKnownFileType = image.png; path = "g7@2x.png"; sourceTree = "<group>"; };
		C5D0EF2218FE627F003C4F54 /* g8@2x.png */ = {isa = PBXFileReference; lastKnownFileType = image.png; path = "g8@2x.png"; sourceTree = "<group>"; };
		C5D0EF2318FE627F003C4F54 /* g9@2x.png */ = {isa = PBXFileReference; lastKnownFileType = image.png; path = "g9@2x.png"; sourceTree = "<group>"; };
		C5D0EF3A18FE6672003C4F54 /* StoreKit.framework */ = {isa = PBXFileReference; lastKnownFileType = wrapper.framework; name = StoreKit.framework; path = System/Library/Frameworks/StoreKit.framework; sourceTree = SDKROOT; };
		C5D0EF3C18FE6763003C4F54 /* Blue-Starry-Night-Sky@2x.jpg */ = {isa = PBXFileReference; lastKnownFileType = image.jpeg; path = "Blue-Starry-Night-Sky@2x.jpg"; sourceTree = "<group>"; };
		C5D0EF4B18FE8775003C4F54 /* CFNetwork.framework */ = {isa = PBXFileReference; lastKnownFileType = wrapper.framework; name = CFNetwork.framework; path = System/Library/Frameworks/CFNetwork.framework; sourceTree = SDKROOT; };
		C5D0EF4D18FE877B003C4F54 /* Security.framework */ = {isa = PBXFileReference; lastKnownFileType = wrapper.framework; name = Security.framework; path = System/Library/Frameworks/Security.framework; sourceTree = SDKROOT; };
		C5D0EF4F18FE87AC003C4F54 /* libPods-AdMobMediationAdapterIAd.a */ = {isa = PBXFileReference; lastKnownFileType = archive.ar; name = "libPods-AdMobMediationAdapterIAd.a"; path = "../Pods/build/Release-iphoneos/libPods-AdMobMediationAdapterIAd.a"; sourceTree = "<group>"; };
		C5D0EF5018FE87AC003C4F54 /* libPods-FlurrySDK.a */ = {isa = PBXFileReference; lastKnownFileType = archive.ar; name = "libPods-FlurrySDK.a"; path = "../Pods/build/Release-iphoneos/libPods-FlurrySDK.a"; sourceTree = "<group>"; };
		C5D0EF5118FE87AC003C4F54 /* libPods-Google-AdMob-Ads-SDK.a */ = {isa = PBXFileReference; lastKnownFileType = archive.ar; name = "libPods-Google-AdMob-Ads-SDK.a"; path = "../Pods/build/Release-iphoneos/libPods-Google-AdMob-Ads-SDK.a"; sourceTree = "<group>"; };
		C5D0EF5218FE87AC003C4F54 /* libPods-Google-Mobile-Ads-SDK.a */ = {isa = PBXFileReference; lastKnownFileType = archive.ar; name = "libPods-Google-Mobile-Ads-SDK.a"; path = "../Pods/build/Release-iphoneos/libPods-Google-Mobile-Ads-SDK.a"; sourceTree = "<group>"; };
		C5D0EF5318FE87AC003C4F54 /* libPods-MillennialMediaSDK.a */ = {isa = PBXFileReference; lastKnownFileType = archive.ar; name = "libPods-MillennialMediaSDK.a"; path = "../Pods/build/Release-iphoneos/libPods-MillennialMediaSDK.a"; sourceTree = "<group>"; };
		C5D0EF5918FE88A0003C4F54 /* MediaPlayer.framework */ = {isa = PBXFileReference; lastKnownFileType = wrapper.framework; name = MediaPlayer.framework; path = System/Library/Frameworks/MediaPlayer.framework; sourceTree = SDKROOT; };
		C5D2328B198CBFA4007FB212 /* soundOff.png */ = {isa = PBXFileReference; lastKnownFileType = image.png; path = soundOff.png; sourceTree = "<group>"; };
		C5D2328C198CBFA4007FB212 /* soundOn.png */ = {isa = PBXFileReference; lastKnownFileType = image.png; path = soundOn.png; sourceTree = "<group>"; };
		C5E9BC921965A4B600EA3940 /* CoreData.framework */ = {isa = PBXFileReference; lastKnownFileType = wrapper.framework; name = CoreData.framework; path = System/Library/Frameworks/CoreData.framework; sourceTree = SDKROOT; };
		C5E9BC941965A4D800EA3940 /* libz.dylib */ = {isa = PBXFileReference; lastKnownFileType = "compiled.mach-o.dylib"; name = libz.dylib; path = usr/lib/libz.dylib; sourceTree = SDKROOT; };
		EB5E71C4DB8C53BB7DF7258E /* Pods.release.xcconfig */ = {isa = PBXFileReference; includeInIndex = 1; lastKnownFileType = text.xcconfig; name = Pods.release.xcconfig; path = "Pods/Target Support Files/Pods/Pods.release.xcconfig"; sourceTree = "<group>"; };
/* End PBXFileReference section */

/* Begin PBXFrameworksBuildPhase section */
		C5296DA018E2744400EF3714 /* Frameworks */ = {
			isa = PBXFrameworksBuildPhase;
			buildActionMask = 2147483647;
			files = (
				C517BBB7198B731700DF0F93 /* GameKit.framework in Frameworks */,
				C58AD80118EEA25E00FCCCD4 /* AudioToolbox.framework in Frameworks */,
				C58AD80318EEA26700FCCCD4 /* AVFoundation.framework in Frameworks */,
				C5E9BC951965A4D800EA3940 /* libz.dylib in Frameworks */,
				C58AD80B18EEA28700FCCCD4 /* SystemConfiguration.framework in Frameworks */,
				C58AD7FF18EEA25300FCCCD4 /* AdSupport.framework in Frameworks */,
				C5E9BC931965A4B600EA3940 /* CoreData.framework in Frameworks */,
				C516012C18FE8EE5007FB8AC /* Social.framework in Frameworks */,
				C516012A18FE8EDA007FB8AC /* QuartzCore.framework in Frameworks */,
				C516012818FE8ECF007FB8AC /* MobileCoreServices.framework in Frameworks */,
				C516012618FE8EC3007FB8AC /* PassKit.framework in Frameworks */,
				C5D0EF5A18FE88A0003C4F54 /* MediaPlayer.framework in Frameworks */,
				C5D0EF4E18FE877B003C4F54 /* Security.framework in Frameworks */,
				C516013018FE914C007FB8AC /* MillennialMedia.framework in Frameworks */,
				C5D0EF4C18FE8775003C4F54 /* CFNetwork.framework in Frameworks */,
				C5D0EF3B18FE6672003C4F54 /* StoreKit.framework in Frameworks */,
				C5D0EF1618FD2E70003C4F54 /* iAd.framework in Frameworks */,
				C58AD80718EEA27900FCCCD4 /* MessageUI.framework in Frameworks */,
				C58AD80518EEA27100FCCCD4 /* CoreTelephony.framework in Frameworks */,
				C5296DA918E2744400EF3714 /* CoreGraphics.framework in Frameworks */,
				C5296DAB18E2744400EF3714 /* UIKit.framework in Frameworks */,
				C57D73A81A334059000EDB35 /* StartApp.framework in Frameworks */,
				C5296DA718E2744400EF3714 /* Foundation.framework in Frameworks */,
				A7046EEDEF6B4AEB9EC10A8A /* libPods.a in Frameworks */,
			);
			runOnlyForDeploymentPostprocessing = 0;
		};
		C5296DBB18E2744400EF3714 /* Frameworks */ = {
			isa = PBXFrameworksBuildPhase;
			buildActionMask = 2147483647;
			files = (
				C5296DC018E2744400EF3714 /* XCTest.framework in Frameworks */,
				C5296DC218E2744400EF3714 /* UIKit.framework in Frameworks */,
				C5296DC118E2744400EF3714 /* Foundation.framework in Frameworks */,
			);
			runOnlyForDeploymentPostprocessing = 0;
		};
/* End PBXFrameworksBuildPhase section */

/* Begin PBXGroup section */
		8AF2E0DDD12083A0F613F5E5 /* Pods */ = {
			isa = PBXGroup;
			children = (
				01E18F2FDF3F7607C31F0A26 /* Pods.debug.xcconfig */,
				EB5E71C4DB8C53BB7DF7258E /* Pods.release.xcconfig */,
			);
			name = Pods;
			sourceTree = "<group>";
		};
		C516012D18FE914C007FB8AC /* Frameworks */ = {
			isa = PBXGroup;
			children = (
				C517BBB6198B731700DF0F93 /* GameKit.framework */,
				C5E9BC941965A4D800EA3940 /* libz.dylib */,
				C5E9BC921965A4B600EA3940 /* CoreData.framework */,
				C516012B18FE8EE5007FB8AC /* Social.framework */,
				C516012918FE8EDA007FB8AC /* QuartzCore.framework */,
				C516012718FE8ECF007FB8AC /* MobileCoreServices.framework */,
				C516012518FE8EC3007FB8AC /* PassKit.framework */,
				C5D0EF5918FE88A0003C4F54 /* MediaPlayer.framework */,
				C5D0EF4F18FE87AC003C4F54 /* libPods-AdMobMediationAdapterIAd.a */,
				C5D0EF5018FE87AC003C4F54 /* libPods-FlurrySDK.a */,
				C5D0EF5118FE87AC003C4F54 /* libPods-Google-AdMob-Ads-SDK.a */,
				C5D0EF5218FE87AC003C4F54 /* libPods-Google-Mobile-Ads-SDK.a */,
				C5D0EF5318FE87AC003C4F54 /* libPods-MillennialMediaSDK.a */,
				C5D0EF4D18FE877B003C4F54 /* Security.framework */,
				C5D0EF4B18FE8775003C4F54 /* CFNetwork.framework */,
				C5D0EF3A18FE6672003C4F54 /* StoreKit.framework */,
				C5D0EF1518FD2E70003C4F54 /* iAd.framework */,
				C58AD80A18EEA28700FCCCD4 /* SystemConfiguration.framework */,
				C58AD80618EEA27900FCCCD4 /* MessageUI.framework */,
				C58AD80418EEA27100FCCCD4 /* CoreTelephony.framework */,
				C58AD80218EEA26700FCCCD4 /* AVFoundation.framework */,
				C58AD80018EEA25E00FCCCD4 /* AudioToolbox.framework */,
				C58AD7FE18EEA25300FCCCD4 /* AdSupport.framework */,
				C5296DA618E2744400EF3714 /* Foundation.framework */,
				C5296DA818E2744400EF3714 /* CoreGraphics.framework */,
				C5296DAA18E2744400EF3714 /* UIKit.framework */,
				C5296DBF18E2744400EF3714 /* XCTest.framework */,
				5A271BAC75764393ADDF7A8D /* libPods.a */,
				C516012E18FE914C007FB8AC /* MillennialMedia.framework */,
			);
			path = Frameworks;
			sourceTree = "<group>";
		};
		C5296D9A18E2744300EF3714 = {
			isa = PBXGroup;
			children = (
				C516012D18FE914C007FB8AC /* Frameworks */,
				C5296DD518E2753900EF3714 /* game4096 */,
				C5296DC518E2744400EF3714 /* game4096Tests */,
				C5296DA418E2744400EF3714 /* Products */,
				8AF2E0DDD12083A0F613F5E5 /* Pods */,
			);
			sourceTree = "<group>";
		};
		C5296DA418E2744400EF3714 /* Products */ = {
			isa = PBXGroup;
			children = (
				C5296DA318E2744400EF3714 /* game4096.app */,
				C5296DBE18E2744400EF3714 /* game4096Tests.xctest */,
			);
			name = Products;
			sourceTree = "<group>";
		};
		C5296DC518E2744400EF3714 /* game4096Tests */ = {
			isa = PBXGroup;
			children = (
				C5296DCB18E2744400EF3714 /* game4096Tests.m */,
				C5296DC618E2744400EF3714 /* Supporting Files */,
			);
			path = game4096Tests;
			sourceTree = "<group>";
		};
		C5296DC618E2744400EF3714 /* Supporting Files */ = {
			isa = PBXGroup;
			children = (
				C5296DC718E2744400EF3714 /* game4096Tests-Info.plist */,
				C5296DC818E2744400EF3714 /* InfoPlist.strings */,
			);
			name = "Supporting Files";
			sourceTree = "<group>";
		};
		C5296DD518E2753900EF3714 /* game4096 */ = {
			isa = PBXGroup;
			children = (
				C5296DD618E2753900EF3714 /* Classes */,
				C5296DE018E2753900EF3714 /* Resources */,
			);
			path = game4096;
			sourceTree = "<group>";
		};
		C5296DD618E2753900EF3714 /* Classes */ = {
			isa = PBXGroup;
			children = (
				C55EF45C18E5639D00188EFF /* Helpers */,
				C5296E0B18E2E11A00EF3714 /* GameLogic */,
				C5296DF518E2762A00EF3714 /* ViewControllers */,
				C5296DD718E2753900EF3714 /* AppDelegate */,
				C5296DDA18E2753900EF3714 /* GlobalLibs */,
				C5296DDB18E2753900EF3714 /* Others */,
				C5296DDF18E2753900EF3714 /* Views */,
			);
			path = Classes;
			sourceTree = "<group>";
		};
		C5296DD718E2753900EF3714 /* AppDelegate */ = {
			isa = PBXGroup;
			children = (
				C5296DD818E2753900EF3714 /* HWAppDelegate.h */,
				C5296DD918E2753900EF3714 /* HWAppDelegate.m */,
			);
			path = AppDelegate;
			sourceTree = "<group>";
		};
		C5296DDA18E2753900EF3714 /* GlobalLibs */ = {
			isa = PBXGroup;
			children = (
				C57D73A21A334059000EDB35 /* StartApp_IOS-2.3.3.1 */,
			);
			path = GlobalLibs;
			sourceTree = "<group>";
		};
		C5296DDB18E2753900EF3714 /* Others */ = {
			isa = PBXGroup;
			children = (
				C5296DDC18E2753900EF3714 /* game4096-Prefix.pch */,
				C5296DDD18E2753900EF3714 /* main.m */,
				C5296E0518E2DB3800EF3714 /* Constant.h */,
			);
			path = Others;
			sourceTree = "<group>";
		};
		C5296DDF18E2753900EF3714 /* Views */ = {
			isa = PBXGroup;
			children = (
				C5296E0618E2DCF200EF3714 /* HWGameCellView.h */,
				C5296E0718E2DCF200EF3714 /* HWGameCellView.m */,
				C5296E0918E2DE5A00EF3714 /* HWGameCellView.xib */,
				C585454A1969AE12004465FA /* HWImageDisplayView.h */,
				C585454B1969AE12004465FA /* HWImageDisplayView.m */,
			);
			path = Views;
			sourceTree = "<group>";
		};
		C5296DE018E2753900EF3714 /* Resources */ = {
			isa = PBXGroup;
			children = (
				C58F037A197BA35B004B4A25 /* sounds */,
				C5296DE118E2753900EF3714 /* Data */,
				C5296DE618E2753900EF3714 /* Images */,
			);
			path = Resources;
			sourceTree = "<group>";
		};
		C5296DE118E2753900EF3714 /* Data */ = {
			isa = PBXGroup;
			children = (
				C5296DE218E2753900EF3714 /* Strings */,
			);
			path = Data;
			sourceTree = "<group>";
		};
		C5296DE218E2753900EF3714 /* Strings */ = {
			isa = PBXGroup;
			children = (
				C5296DE318E2753900EF3714 /* InfoPlist.strings */,
				C5296DE518E2753900EF3714 /* game4096-Info.plist */,
			);
			path = Strings;
			sourceTree = "<group>";
		};
		C5296DE618E2753900EF3714 /* Images */ = {
			isa = PBXGroup;
			children = (
				C57D73A91A334A1E000EDB35 /* setting-icon.png */,
				C57D73AA1A334A1E000EDB35 /* ranking-icon.png */,
				C5D2328B198CBFA4007FB212 /* soundOff.png */,
				C5D2328C198CBFA4007FB212 /* soundOn.png */,
				C585452F1969A858004465FA /* girlFulls */,
				C5D0EF3C18FE6763003C4F54 /* Blue-Starry-Night-Sky@2x.jpg */,
				C5D0EF1718FE627F003C4F54 /* girls */,
				C5296DE718E2753900EF3714 /* Images.xcassets */,
			);
			path = Images;
			sourceTree = "<group>";
		};
		C5296DF518E2762A00EF3714 /* ViewControllers */ = {
			isa = PBXGroup;
			children = (
				C5296DF618E2762A00EF3714 /* HWRootViewController.h */,
				C5296DF718E2762A00EF3714 /* HWRootViewController.m */,
				C5296DF818E2762A00EF3714 /* HWRootViewController.xib */,
				C5296E0018E2D62F00EF3714 /* HWGamePlayViewController.h */,
				C5296E0118E2D62F00EF3714 /* HWGamePlayViewController.m */,
				C5296E0218E2D62F00EF3714 /* HWGamePlayViewController.xib */,
				C57D73AD1A334C90000EDB35 /* HWSettingViewController.h */,
				C57D73AE1A334C90000EDB35 /* HWSettingViewController.m */,
				C57D73AF1A334C90000EDB35 /* HWSettingViewController.xib */,
			);
			path = ViewControllers;
			sourceTree = "<group>";
		};
		C5296E0B18E2E11A00EF3714 /* GameLogic */ = {
			isa = PBXGroup;
			children = (
				C5296E0C18E2E12800EF3714 /* HWGameSetting.h */,
				C5296E0D18E2E12800EF3714 /* HWGameSetting.m */,
				C5296E0F18E2E2B300EF3714 /* HWGame.h */,
				C5296E1018E2E2B300EF3714 /* HWGame.m */,
			);
			path = GameLogic;
			sourceTree = "<group>";
		};
		C55EF45C18E5639D00188EFF /* Helpers */ = {
			isa = PBXGroup;
			children = (
				C55EF45D18E5639D00188EFF /* UIColor+HexColor */,
				C58F0386197BB797004B4A25 /* Audio_Internal.h */,
				C58F0387197BB79E004B4A25 /* AudioFX.h */,
				C58F0388197BB7A4004B4A25 /* AudioFX.m */,
			);
			path = Helpers;
			sourceTree = "<group>";
		};
		C55EF45D18E5639D00188EFF /* UIColor+HexColor */ = {
			isa = PBXGroup;
			children = (
				C55EF45E18E5639D00188EFF /* UIColor+HexColor.h */,
				C55EF45F18E5639D00188EFF /* UIColor+HexColor.m */,
			);
			path = "UIColor+HexColor";
			sourceTree = "<group>";
		};
		C57D73A21A334059000EDB35 /* StartApp_IOS-2.3.3.1 */ = {
			isa = PBXGroup;
			children = (
				C57D73A41A334059000EDB35 /* StartApp.bundle */,
				C57D73A51A334059000EDB35 /* StartApp.framework */,
			);
			path = "StartApp_IOS-2.3.3.1";
			sourceTree = "<group>";
		};
		C585452F1969A858004465FA /* girlFulls */ = {
			isa = PBXGroup;
			children = (
				C58545301969A858004465FA /* 10f.jpg */,
				C58545311969A858004465FA /* 11f.jpg */,
				C58545321969A858004465FA /* 12f.jpg */,
				C58545331969A858004465FA /* 13f.jpg */,
				C58545481969A8B2004465FA /* 14f.jpg */,
				C585454D1969C43C004465FA /* 1f.jpg */,
				C58545351969A858004465FA /* 2f.jpg */,
				C58545361969A858004465FA /* 3f.jpg */,
				C58545371969A858004465FA /* 4f.jpg */,
				C58545381969A858004465FA /* 5f.jpg */,
				C58545391969A858004465FA /* 6f.jpg */,
				C585454F1969C864004465FA /* 7f.jpg */,
				C585453A1969A858004465FA /* 8f.jpg */,
				C585453B1969A858004465FA /* 9f.jpg */,
			);
			path = girlFulls;
			sourceTree = "<group>";
		};
		C58F037A197BA35B004B4A25 /* sounds */ = {
			isa = PBXGroup;
			children = (
				C58F037F197BB225004B4A25 /* merge1.wav */,
				C58F0380197BB225004B4A25 /* merge2.wav */,
				C58F037C197BA35B004B4A25 /* move.wav */,
			);
			path = sounds;
			sourceTree = "<group>";
		};
		C5D0EF1718FE627F003C4F54 /* girls */ = {
			isa = PBXGroup;
			children = (
				C585452B1969A4A1004465FA /* g13@2x.png */,
				C585452C1969A4A1004465FA /* g14@2x.png */,
				C5D0EF1818FE627F003C4F54 /* g10@2x.png */,
				C5D0EF1918FE627F003C4F54 /* g11@2x.png */,
				C5D0EF1A18FE627F003C4F54 /* g12@2x.png */,
				C5D0EF1B18FE627F003C4F54 /* g1@2x.png */,
				C5D0EF1C18FE627F003C4F54 /* g2@2x.png */,
				C5D0EF1D18FE627F003C4F54 /* g3@2x.png */,
				C5D0EF1E18FE627F003C4F54 /* g4@2x.png */,
				C5D0EF1F18FE627F003C4F54 /* g5@2x.png */,
				C5D0EF2018FE627F003C4F54 /* g6@2x.png */,
				C5D0EF2118FE627F003C4F54 /* g7@2x.png */,
				C5D0EF2218FE627F003C4F54 /* g8@2x.png */,
				C5D0EF2318FE627F003C4F54 /* g9@2x.png */,
			);
			path = girls;
			sourceTree = "<group>";
		};
/* End PBXGroup section */

/* Begin PBXNativeTarget section */
		C5296DA218E2744400EF3714 /* game4096 */ = {
			isa = PBXNativeTarget;
			buildConfigurationList = C5296DCF18E2744400EF3714 /* Build configuration list for PBXNativeTarget "game4096" */;
			buildPhases = (
				DA2A641672724C1DBC15C10C /* Check Pods Manifest.lock */,
				C5296D9F18E2744400EF3714 /* Sources */,
				C5296DA018E2744400EF3714 /* Frameworks */,
				C5296DA118E2744400EF3714 /* Resources */,
				87BAE879A2A4412CADB696A0 /* Copy Pods Resources */,
				C529133F19790E2B00C6A2FE /* ShellScript */,
			);
			buildRules = (
			);
			dependencies = (
			);
			name = game4096;
			productName = game4096;
			productReference = C5296DA318E2744400EF3714 /* game4096.app */;
			productType = "com.apple.product-type.application";
		};
		C5296DBD18E2744400EF3714 /* game4096Tests */ = {
			isa = PBXNativeTarget;
			buildConfigurationList = C5296DD218E2744400EF3714 /* Build configuration list for PBXNativeTarget "game4096Tests" */;
			buildPhases = (
				C5296DBA18E2744400EF3714 /* Sources */,
				C5296DBB18E2744400EF3714 /* Frameworks */,
				C5296DBC18E2744400EF3714 /* Resources */,
			);
			buildRules = (
			);
			dependencies = (
				C5296DC418E2744400EF3714 /* PBXTargetDependency */,
			);
			name = game4096Tests;
			productName = game4096Tests;
			productReference = C5296DBE18E2744400EF3714 /* game4096Tests.xctest */;
			productType = "com.apple.product-type.bundle.unit-test";
		};
/* End PBXNativeTarget section */

/* Begin PBXProject section */
		C5296D9B18E2744300EF3714 /* Project object */ = {
			isa = PBXProject;
			attributes = {
				CLASSPREFIX = HW;
				LastUpgradeCheck = 0510;
				ORGANIZATIONNAME = "Hai Hw";
				TargetAttributes = {
					C5296DA218E2744400EF3714 = {
						DevelopmentTeam = 47NZJ66X5R;
						SystemCapabilities = {
							com.apple.InAppPurchase = {
								enabled = 0;
							};
						};
					};
					C5296DBD18E2744400EF3714 = {
						TestTargetID = C5296DA218E2744400EF3714;
					};
				};
			};
			buildConfigurationList = C5296D9E18E2744300EF3714 /* Build configuration list for PBXProject "game4096" */;
			compatibilityVersion = "Xcode 3.2";
			developmentRegion = English;
			hasScannedForEncodings = 0;
			knownRegions = (
				en,
			);
			mainGroup = C5296D9A18E2744300EF3714;
			productRefGroup = C5296DA418E2744400EF3714 /* Products */;
			projectDirPath = "";
			projectRoot = "";
			targets = (
				C5296DA218E2744400EF3714 /* game4096 */,
				C5296DBD18E2744400EF3714 /* game4096Tests */,
			);
		};
/* End PBXProject section */

/* Begin PBXResourcesBuildPhase section */
		C5296DA118E2744400EF3714 /* Resources */ = {
			isa = PBXResourcesBuildPhase;
			buildActionMask = 2147483647;
			files = (
				C5D0EF2518FE627F003C4F54 /* g11@2x.png in Resources */,
				C5D0EF2618FE627F003C4F54 /* g12@2x.png in Resources */,
				C585452D1969A4A1004465FA /* g13@2x.png in Resources */,
				C5D0EF2818FE627F003C4F54 /* g2@2x.png in Resources */,
				C5D0EF2E18FE627F003C4F54 /* g8@2x.png in Resources */,
				C585453C1969A858004465FA /* 10f.jpg in Resources */,
				C58545451969A858004465FA /* 6f.jpg in Resources */,
				C57D73A71A334059000EDB35 /* StartApp.bundle in Resources */,
				C5D0EF2D18FE627F003C4F54 /* g7@2x.png in Resources */,
				C58545471969A858004465FA /* 9f.jpg in Resources */,
				C57D73AB1A334A1E000EDB35 /* setting-icon.png in Resources */,
				C585453D1969A858004465FA /* 11f.jpg in Resources */,
				C58F0382197BB225004B4A25 /* merge2.wav in Resources */,
				C5296DEC18E2753900EF3714 /* Images.xcassets in Resources */,
				C5D2328E198CBFA4007FB212 /* soundOn.png in Resources */,
				C585452E1969A4A1004465FA /* g14@2x.png in Resources */,
				C5D0EF2718FE627F003C4F54 /* g1@2x.png in Resources */,
				C5D0EF2F18FE627F003C4F54 /* g9@2x.png in Resources */,
				C58545491969A8B2004465FA /* 14f.jpg in Resources */,
				C58545501969C864004465FA /* 7f.jpg in Resources */,
				C58F0381197BB225004B4A25 /* merge1.wav in Resources */,
				C5D0EF3D18FE6763003C4F54 /* Blue-Starry-Night-Sky@2x.jpg in Resources */,
				C58F037E197BA35B004B4A25 /* move.wav in Resources */,
				C5296E0A18E2DE5A00EF3714 /* HWGameCellView.xib in Resources */,
				C5296DFA18E2762A00EF3714 /* HWRootViewController.xib in Resources */,
				C57D73B11A334C90000EDB35 /* HWSettingViewController.xib in Resources */,
				C57D73AC1A334A1E000EDB35 /* ranking-icon.png in Resources */,
				C585453E1969A858004465FA /* 12f.jpg in Resources */,
				C5D0EF2918FE627F003C4F54 /* g3@2x.png in Resources */,
				C58545461969A858004465FA /* 8f.jpg in Resources */,
				C5D0EF2418FE627F003C4F54 /* g10@2x.png in Resources */,
				C585454E1969C43C004465FA /* 1f.jpg in Resources */,
				C5D0EF2A18FE627F003C4F54 /* g4@2x.png in Resources */,
				C58545441969A858004465FA /* 5f.jpg in Resources */,
				C5296DEA18E2753900EF3714 /* InfoPlist.strings in Resources */,
				C5D0EF2B18FE627F003C4F54 /* g5@2x.png in Resources */,
				C585453F1969A858004465FA /* 13f.jpg in Resources */,
				C58545431969A858004465FA /* 4f.jpg in Resources */,
				C5296E0418E2D62F00EF3714 /* HWGamePlayViewController.xib in Resources */,
				C5D2328D198CBFA4007FB212 /* soundOff.png in Resources */,
				C5D0EF2C18FE627F003C4F54 /* g6@2x.png in Resources */,
				C58545421969A858004465FA /* 3f.jpg in Resources */,
				C58545411969A858004465FA /* 2f.jpg in Resources */,
			);
			runOnlyForDeploymentPostprocessing = 0;
		};
		C5296DBC18E2744400EF3714 /* Resources */ = {
			isa = PBXResourcesBuildPhase;
			buildActionMask = 2147483647;
			files = (
				C5296DCA18E2744400EF3714 /* InfoPlist.strings in Resources */,
			);
			runOnlyForDeploymentPostprocessing = 0;
		};
/* End PBXResourcesBuildPhase section */

/* Begin PBXShellScriptBuildPhase section */
		87BAE879A2A4412CADB696A0 /* Copy Pods Resources */ = {
			isa = PBXShellScriptBuildPhase;
			buildActionMask = 2147483647;
			files = (
			);
			inputPaths = (
			);
			name = "Copy Pods Resources";
			outputPaths = (
			);
			runOnlyForDeploymentPostprocessing = 0;
			shellPath = /bin/sh;
			shellScript = "\"${SRCROOT}/Pods/Target Support Files/Pods/Pods-resources.sh\"\n";
			showEnvVarsInLog = 0;
		};
		C529133F19790E2B00C6A2FE /* ShellScript */ = {
			isa = PBXShellScriptBuildPhase;
			buildActionMask = 2147483647;
			files = (
			);
			inputPaths = (
			);
			outputPaths = (
			);
			runOnlyForDeploymentPostprocessing = 0;
			shellPath = /bin/sh;
			shellScript = "./Pods/CrashlyticsFramework/Crashlytics.framework/run 590e85a5e7df124780bb8476a41281f5b5f54469 3d00c4a78de174ca2e786e56971cf404690c137efb1e1a0b41ecdadf2ee87ef5";
		};
		DA2A641672724C1DBC15C10C /* Check Pods Manifest.lock */ = {
			isa = PBXShellScriptBuildPhase;
			buildActionMask = 2147483647;
			files = (
			);
			inputPaths = (
			);
			name = "Check Pods Manifest.lock";
			outputPaths = (
			);
			runOnlyForDeploymentPostprocessing = 0;
			shellPath = /bin/sh;
			shellScript = "diff \"${PODS_ROOT}/../Podfile.lock\" \"${PODS_ROOT}/Manifest.lock\" > /dev/null\nif [[ $? != 0 ]] ; then\n    cat << EOM\nerror: The sandbox is not in sync with the Podfile.lock. Run 'pod install' or update your CocoaPods installation.\nEOM\n    exit 1\nfi\n";
			showEnvVarsInLog = 0;
		};
/* End PBXShellScriptBuildPhase section */

/* Begin PBXSourcesBuildPhase section */
		C5296D9F18E2744400EF3714 /* Sources */ = {
			isa = PBXSourcesBuildPhase;
			buildActionMask = 2147483647;
			files = (
				C5296DE918E2753900EF3714 /* main.m in Sources */,
				C55EF46018E5639D00188EFF /* UIColor+HexColor.m in Sources */,
				C5296DE818E2753900EF3714 /* HWAppDelegate.m in Sources */,
				C5296DF918E2762A00EF3714 /* HWRootViewController.m in Sources */,
				C5296E1118E2E2B300EF3714 /* HWGame.m in Sources */,
				C5296E0E18E2E12800EF3714 /* HWGameSetting.m in Sources */,
				C5296E0818E2DCF200EF3714 /* HWGameCellView.m in Sources */,
				C57D73B01A334C90000EDB35 /* HWSettingViewController.m in Sources */,
				C58F0389197BB7A4004B4A25 /* AudioFX.m in Sources */,
				C5296E0318E2D62F00EF3714 /* HWGamePlayViewController.m in Sources */,
				C585454C1969AE12004465FA /* HWImageDisplayView.m in Sources */,
			);
			runOnlyForDeploymentPostprocessing = 0;
		};
		C5296DBA18E2744400EF3714 /* Sources */ = {
			isa = PBXSourcesBuildPhase;
			buildActionMask = 2147483647;
			files = (
				C5296DCC18E2744400EF3714 /* game4096Tests.m in Sources */,
			);
			runOnlyForDeploymentPostprocessing = 0;
		};
/* End PBXSourcesBuildPhase section */

/* Begin PBXTargetDependency section */
		C5296DC418E2744400EF3714 /* PBXTargetDependency */ = {
			isa = PBXTargetDependency;
			target = C5296DA218E2744400EF3714 /* game4096 */;
			targetProxy = C5296DC318E2744400EF3714 /* PBXContainerItemProxy */;
		};
/* End PBXTargetDependency section */

/* Begin PBXVariantGroup section */
		C5296DC818E2744400EF3714 /* InfoPlist.strings */ = {
			isa = PBXVariantGroup;
			children = (
				C5296DC918E2744400EF3714 /* en */,
			);
			name = InfoPlist.strings;
			sourceTree = "<group>";
		};
		C5296DE318E2753900EF3714 /* InfoPlist.strings */ = {
			isa = PBXVariantGroup;
			children = (
				C5296DE418E2753900EF3714 /* en */,
			);
			name = InfoPlist.strings;
			sourceTree = "<group>";
		};
/* End PBXVariantGroup section */

/* Begin XCBuildConfiguration section */
		C5296DCD18E2744400EF3714 /* Debug */ = {
			isa = XCBuildConfiguration;
			buildSettings = {
				ALWAYS_SEARCH_USER_PATHS = NO;
				CLANG_CXX_LANGUAGE_STANDARD = "gnu++0x";
				CLANG_CXX_LIBRARY = "libc++";
				CLANG_ENABLE_MODULES = YES;
				CLANG_ENABLE_OBJC_ARC = YES;
				CLANG_WARN_BOOL_CONVERSION = YES;
				CLANG_WARN_CONSTANT_CONVERSION = YES;
				CLANG_WARN_DIRECT_OBJC_ISA_USAGE = YES_ERROR;
				CLANG_WARN_EMPTY_BODY = YES;
				CLANG_WARN_ENUM_CONVERSION = YES;
				CLANG_WARN_INT_CONVERSION = YES;
				CLANG_WARN_OBJC_ROOT_CLASS = YES_ERROR;
				CLANG_WARN__DUPLICATE_METHOD_MATCH = YES;
				"CODE_SIGN_IDENTITY[sdk=iphoneos*]" = "iPhone Developer";
				COPY_PHASE_STRIP = NO;
				GCC_C_LANGUAGE_STANDARD = gnu99;
				GCC_DYNAMIC_NO_PIC = NO;
				GCC_OPTIMIZATION_LEVEL = 0;
				GCC_PREPROCESSOR_DEFINITIONS = (
					"DEBUG=1",
					"$(inherited)",
				);
				GCC_SYMBOLS_PRIVATE_EXTERN = NO;
				GCC_WARN_64_TO_32_BIT_CONVERSION = YES;
				GCC_WARN_ABOUT_RETURN_TYPE = YES_ERROR;
				GCC_WARN_UNDECLARED_SELECTOR = YES;
				GCC_WARN_UNINITIALIZED_AUTOS = YES_AGGRESSIVE;
				GCC_WARN_UNUSED_FUNCTION = YES;
				GCC_WARN_UNUSED_VARIABLE = YES;
				IPHONEOS_DEPLOYMENT_TARGET = 7.1;
				ONLY_ACTIVE_ARCH = YES;
				SDKROOT = iphoneos;
				TARGETED_DEVICE_FAMILY = "1,2";
			};
			name = Debug;
		};
		C5296DCE18E2744400EF3714 /* Release */ = {
			isa = XCBuildConfiguration;
			buildSettings = {
				ALWAYS_SEARCH_USER_PATHS = NO;
				CLANG_CXX_LANGUAGE_STANDARD = "gnu++0x";
				CLANG_CXX_LIBRARY = "libc++";
				CLANG_ENABLE_MODULES = YES;
				CLANG_ENABLE_OBJC_ARC = YES;
				CLANG_WARN_BOOL_CONVERSION = YES;
				CLANG_WARN_CONSTANT_CONVERSION = YES;
				CLANG_WARN_DIRECT_OBJC_ISA_USAGE = YES_ERROR;
				CLANG_WARN_EMPTY_BODY = YES;
				CLANG_WARN_ENUM_CONVERSION = YES;
				CLANG_WARN_INT_CONVERSION = YES;
				CLANG_WARN_OBJC_ROOT_CLASS = YES_ERROR;
				CLANG_WARN__DUPLICATE_METHOD_MATCH = YES;
				"CODE_SIGN_IDENTITY[sdk=iphoneos*]" = "iPhone Developer";
				COPY_PHASE_STRIP = YES;
				ENABLE_NS_ASSERTIONS = NO;
				GCC_C_LANGUAGE_STANDARD = gnu99;
				GCC_WARN_64_TO_32_BIT_CONVERSION = YES;
				GCC_WARN_ABOUT_RETURN_TYPE = YES_ERROR;
				GCC_WARN_UNDECLARED_SELECTOR = YES;
				GCC_WARN_UNINITIALIZED_AUTOS = YES_AGGRESSIVE;
				GCC_WARN_UNUSED_FUNCTION = YES;
				GCC_WARN_UNUSED_VARIABLE = YES;
				IPHONEOS_DEPLOYMENT_TARGET = 7.1;
				SDKROOT = iphoneos;
				TARGETED_DEVICE_FAMILY = "1,2";
				VALIDATE_PRODUCT = YES;
			};
			name = Release;
		};
		C5296DD018E2744400EF3714 /* Debug */ = {
			isa = XCBuildConfiguration;
			baseConfigurationReference = 01E18F2FDF3F7607C31F0A26 /* Pods.debug.xcconfig */;
			buildSettings = {
				ARCHS = "$(ARCHS_STANDARD_32_BIT";
				ASSETCATALOG_COMPILER_APPICON_NAME = AppIcon;
				ASSETCATALOG_COMPILER_LAUNCHIMAGE_NAME = LaunchImage;
				CODE_SIGN_IDENTITY = "iPhone Developer";
				"CODE_SIGN_IDENTITY[sdk=iphoneos*]" = "iPhone Developer";
				FRAMEWORK_SEARCH_PATHS = (
					"$(inherited)",
					"$(PROJECT_DIR)/Frameworks",
					"$(PROJECT_DIR)",
					"$(PROJECT_DIR)/game4096/Classes/GlobalLibs/StartApp_IOS-2.3.3.1",
				);
				GCC_PRECOMPILE_PREFIX_HEADER = YES;
				GCC_PREFIX_HEADER = "game4096/Classes/Others/game4096-Prefix.pch";
				INFOPLIST_FILE = "$(SRCROOT)/game4096/Resources/Data/Strings/game4096-Info.plist";
				IPHONEOS_DEPLOYMENT_TARGET = 6.0;
				PRODUCT_NAME = "$(TARGET_NAME)";
				PROVISIONING_PROFILE = "adb0c8bc-d952-4f98-9bc4-65044db1f59d";
				TARGETED_DEVICE_FAMILY = "1,2";
				WRAPPER_EXTENSION = app;
			};
			name = Debug;
		};
		C5296DD118E2744400EF3714 /* Release */ = {
			isa = XCBuildConfiguration;
			baseConfigurationReference = EB5E71C4DB8C53BB7DF7258E /* Pods.release.xcconfig */;
			buildSettings = {
				ARCHS = "$(ARCHS_STANDARD_32_BIT";
				ASSETCATALOG_COMPILER_APPICON_NAME = AppIcon;
				ASSETCATALOG_COMPILER_LAUNCHIMAGE_NAME = LaunchImage;
				CODE_SIGN_IDENTITY = "iPhone Distribution: Hai Nguyen Huu Hiep (47NZJ66X5R)";
				"CODE_SIGN_IDENTITY[sdk=iphoneos*]" = "iPhone Distribution: Hai Nguyen Huu Hiep (47NZJ66X5R)";
				FRAMEWORK_SEARCH_PATHS = (
					"$(inherited)",
					"$(PROJECT_DIR)/Frameworks",
					"$(PROJECT_DIR)",
					"$(PROJECT_DIR)/game4096/Classes/GlobalLibs/StartApp_IOS-2.3.3.1",
				);
				GCC_PRECOMPILE_PREFIX_HEADER = YES;
				GCC_PREFIX_HEADER = "game4096/Classes/Others/game4096-Prefix.pch";
				INFOPLIST_FILE = "$(SRCROOT)/game4096/Resources/Data/Strings/game4096-Info.plist";
				IPHONEOS_DEPLOYMENT_TARGET = 6.0;
				PRODUCT_NAME = "$(TARGET_NAME)";
				PROVISIONING_PROFILE = "096647c1-b0a4-4492-b7e5-59788ca8767c";
				TARGETED_DEVICE_FAMILY = "1,2";
				WRAPPER_EXTENSION = app;
			};
			name = Release;
		};
		C5296DD318E2744400EF3714 /* Debug */ = {
			isa = XCBuildConfiguration;
			buildSettings = {
				BUNDLE_LOADER = "$(BUILT_PRODUCTS_DIR)/game4096.app/game4096";
				FRAMEWORK_SEARCH_PATHS = (
					"$(SDKROOT)/Developer/Library/Frameworks",
					"$(inherited)",
					"$(DEVELOPER_FRAMEWORKS_DIR)",
				);
				GCC_PRECOMPILE_PREFIX_HEADER = YES;
				GCC_PREFIX_HEADER = "game4096/game4096-Prefix.pch";
				GCC_PREPROCESSOR_DEFINITIONS = (
					"DEBUG=1",
					"$(inherited)",
				);
				INFOPLIST_FILE = "game4096Tests/game4096Tests-Info.plist";
				PRODUCT_NAME = "$(TARGET_NAME)";
				TEST_HOST = "$(BUNDLE_LOADER)";
				WRAPPER_EXTENSION = xctest;
			};
			name = Debug;
		};
		C5296DD418E2744400EF3714 /* Release */ = {
			isa = XCBuildConfiguration;
			buildSettings = {
				BUNDLE_LOADER = "$(BUILT_PRODUCTS_DIR)/game4096.app/game4096";
				FRAMEWORK_SEARCH_PATHS = (
					"$(SDKROOT)/Developer/Library/Frameworks",
					"$(inherited)",
					"$(DEVELOPER_FRAMEWORKS_DIR)",
				);
				GCC_PRECOMPILE_PREFIX_HEADER = YES;
				GCC_PREFIX_HEADER = "game4096/game4096-Prefix.pch";
				INFOPLIST_FILE = "game4096Tests/game4096Tests-Info.plist";
				PRODUCT_NAME = "$(TARGET_NAME)";
				TEST_HOST = "$(BUNDLE_LOADER)";
				WRAPPER_EXTENSION = xctest;
			};
			name = Release;
		};
/* End XCBuildConfiguration section */

/* Begin XCConfigurationList section */
		C5296D9E18E2744300EF3714 /* Build configuration list for PBXProject "game4096" */ = {
			isa = XCConfigurationList;
			buildConfigurations = (
				C5296DCD18E2744400EF3714 /* Debug */,
				C5296DCE18E2744400EF3714 /* Release */,
			);
			defaultConfigurationIsVisible = 0;
			defaultConfigurationName = Release;
		};
		C5296DCF18E2744400EF3714 /* Build configuration list for PBXNativeTarget "game4096" */ = {
			isa = XCConfigurationList;
			buildConfigurations = (
				C5296DD018E2744400EF3714 /* Debug */,
				C5296DD118E2744400EF3714 /* Release */,
			);
			defaultConfigurationIsVisible = 0;
			defaultConfigurationName = Release;
		};
		C5296DD218E2744400EF3714 /* Build configuration list for PBXNativeTarget "game4096Tests" */ = {
			isa = XCConfigurationList;
			buildConfigurations = (
				C5296DD318E2744400EF3714 /* Debug */,
				C5296DD418E2744400EF3714 /* Release */,
			);
			defaultConfigurationIsVisible = 0;
			defaultConfigurationName = Release;
		};
/* End XCConfigurationList section */
	};
	rootObject = C5296D9B18E2744300EF3714 /* Project object */;
}
